// !$*UTF8*$!
{
	archiveVersion = 1;
	classes = {
	};
	objectVersion = 51;
	objects = {

/* Begin PBXBuildFile section */
		226AAD972316CB3300EAFF4B /* GameController.swift in Sources */ = {isa = PBXBuildFile; fileRef = 226AAD962316CB3300EAFF4B /* GameController.swift */; };
		22740AC02315D9A8001BA685 /* AppDelegate.swift in Sources */ = {isa = PBXBuildFile; fileRef = 22740ABF2315D9A8001BA685 /* AppDelegate.swift */; };
		22740AC72315D9A9001BA685 /* Assets.xcassets in Resources */ = {isa = PBXBuildFile; fileRef = 22740AC62315D9A9001BA685 /* Assets.xcassets */; };
		22740ACA2315D9A9001BA685 /* LaunchScreen.storyboard in Resources */ = {isa = PBXBuildFile; fileRef = 22740AC82315D9A9001BA685 /* LaunchScreen.storyboard */; };
		22740AF02315E1EB001BA685 /* UIView+Anchors.swift in Sources */ = {isa = PBXBuildFile; fileRef = 22740AEF2315E1EB001BA685 /* UIView+Anchors.swift */; };
		22740AF22315E21A001BA685 /* CodeView.swift in Sources */ = {isa = PBXBuildFile; fileRef = 22740AF12315E21A001BA685 /* CodeView.swift */; };
		22740AF72315E2C5001BA685 /* LoadingView.swift in Sources */ = {isa = PBXBuildFile; fileRef = 22740AF62315E2C5001BA685 /* LoadingView.swift */; };
		22740B022315F168001BA685 /* QuizViewController.swift in Sources */ = {isa = PBXBuildFile; fileRef = 22740B012315F168001BA685 /* QuizViewController.swift */; };
		22740B052315F2DB001BA685 /* QuizView.swift in Sources */ = {isa = PBXBuildFile; fileRef = 22740B042315F2DB001BA685 /* QuizView.swift */; };
		22740B092315F7D4001BA685 /* UIViewController+Loading.swift in Sources */ = {isa = PBXBuildFile; fileRef = 22740B082315F7D4001BA685 /* UIViewController+Loading.swift */; };
		22740B0B2315FDDB001BA685 /* QuizBottomView.swift in Sources */ = {isa = PBXBuildFile; fileRef = 22740B0A2315FDDB001BA685 /* QuizBottomView.swift */; };
		22740B0D2316057E001BA685 /* QuizTableViewDataSource.swift in Sources */ = {isa = PBXBuildFile; fileRef = 22740B0C2316057E001BA685 /* QuizTableViewDataSource.swift */; };
		22740B132316096F001BA685 /* QuizPresenter.swift in Sources */ = {isa = PBXBuildFile; fileRef = 22740B122316096F001BA685 /* QuizPresenter.swift */; };
		22740B16231617B4001BA685 /* Reusable.swift in Sources */ = {isa = PBXBuildFile; fileRef = 22740B15231617B4001BA685 /* Reusable.swift */; };
		22740B19231617CC001BA685 /* KeywordCell.swift in Sources */ = {isa = PBXBuildFile; fileRef = 22740B18231617CC001BA685 /* KeywordCell.swift */; };
		22740B1C2316185F001BA685 /* Keywords.swift in Sources */ = {isa = PBXBuildFile; fileRef = 22740B1B2316185F001BA685 /* Keywords.swift */; };
		22740B2123161C55001BA685 /* APIClient.swift in Sources */ = {isa = PBXBuildFile; fileRef = 22740B2023161C55001BA685 /* APIClient.swift */; };
		22740B2423161C97001BA685 /* Endpoint.swift in Sources */ = {isa = PBXBuildFile; fileRef = 22740B2323161C97001BA685 /* Endpoint.swift */; };
		22740B2623161CC8001BA685 /* KeywordsEndpoint.swift in Sources */ = {isa = PBXBuildFile; fileRef = 22740B2523161CC8001BA685 /* KeywordsEndpoint.swift */; };
		22740B2923161DAF001BA685 /* KeywordsService.swift in Sources */ = {isa = PBXBuildFile; fileRef = 22740B2823161DAF001BA685 /* KeywordsService.swift */; };
		22C01B7C231752FF009D9814 /* Constants.swift in Sources */ = {isa = PBXBuildFile; fileRef = 22C01B7B231752FF009D9814 /* Constants.swift */; };
		22C01B8123175A7A009D9814 /* QuizViewControllerSpec.swift in Sources */ = {isa = PBXBuildFile; fileRef = 22C01B8023175A7A009D9814 /* QuizViewControllerSpec.swift */; };
		22C01B8423175B71009D9814 /* QuizPresenterMock.swift in Sources */ = {isa = PBXBuildFile; fileRef = 22C01B8323175B71009D9814 /* QuizPresenterMock.swift */; };
		22C01B8623175DC7009D9814 /* QuizViewMock.swift in Sources */ = {isa = PBXBuildFile; fileRef = 22C01B8523175DC7009D9814 /* QuizViewMock.swift */; };
		22C01B89231765A0009D9814 /* QuizPresenterSpec.swift in Sources */ = {isa = PBXBuildFile; fileRef = 22C01B88231765A0009D9814 /* QuizPresenterSpec.swift */; };
		22C01B8C231765EE009D9814 /* QuizViewDelegateMock.swift in Sources */ = {isa = PBXBuildFile; fileRef = 22C01B8B231765EE009D9814 /* QuizViewDelegateMock.swift */; };
		22C01B8E23176610009D9814 /* KeywordsServiceMock.swift in Sources */ = {isa = PBXBuildFile; fileRef = 22C01B8D23176610009D9814 /* KeywordsServiceMock.swift */; };
		22C01B9023176B74009D9814 /* GameControllerMock.swift in Sources */ = {isa = PBXBuildFile; fileRef = 22C01B8F23176B74009D9814 /* GameControllerMock.swift */; };
		22C01BC22317752A009D9814 /* QuizViewControllerSpec.swift in Sources */ = {isa = PBXBuildFile; fileRef = 22C01B9323176E10009D9814 /* QuizViewControllerSpec.swift */; };
		22C01BC323177546009D9814 /* KeywordsServiceMock.swift in Sources */ = {isa = PBXBuildFile; fileRef = 22C01B8D23176610009D9814 /* KeywordsServiceMock.swift */; };
		22C01BC5231785C3009D9814 /* ReferenceImages in Resources */ = {isa = PBXBuildFile; fileRef = 22C01BC4231785C3009D9814 /* ReferenceImages */; };
		22C01BC823178604009D9814 /* KeywordsEndpointSpec.swift in Sources */ = {isa = PBXBuildFile; fileRef = 22C01BC723178604009D9814 /* KeywordsEndpointSpec.swift */; };
		22C01BCA2317F3DF009D9814 /* KeywordsService.swift in Sources */ = {isa = PBXBuildFile; fileRef = 22C01BC92317F3DF009D9814 /* KeywordsService.swift */; };
		22C01BCD2317F41D009D9814 /* APIClientMock.swift in Sources */ = {isa = PBXBuildFile; fileRef = 22C01BCC2317F41D009D9814 /* APIClientMock.swift */; };
		6C9EEC35FC3D58C5CA280B6C /* Pods_QuizChallenge_QuizChallengeTests.framework in Frameworks */ = {isa = PBXBuildFile; fileRef = 26EDFA0C97109F1777258907 /* Pods_QuizChallenge_QuizChallengeTests.framework */; };
		94FB374ED15013AAF1E13447 /* Pods_QuizChallenge.framework in Frameworks */ = {isa = PBXBuildFile; fileRef = 4CC7951B507F243C024C6FA9 /* Pods_QuizChallenge.framework */; };
		E96D968B62E2F8B6AD90DE00 /* Pods_QuizChallenge_QuizChallengeTests_QuizChallengeKIFTests.framework in Frameworks */ = {isa = PBXBuildFile; fileRef = DD52EE9E6A530BDDD33671FF /* Pods_QuizChallenge_QuizChallengeTests_QuizChallengeKIFTests.framework */; };
/* End PBXBuildFile section */

/* Begin PBXContainerItemProxy section */
		22740AD12315D9A9001BA685 /* PBXContainerItemProxy */ = {
			isa = PBXContainerItemProxy;
			containerPortal = 22740AB42315D9A8001BA685 /* Project object */;
			proxyType = 1;
			remoteGlobalIDString = 22740ABB2315D9A8001BA685;
			remoteInfo = QuizChallenge;
		};
		22C01BBD23177402009D9814 /* PBXContainerItemProxy */ = {
			isa = PBXContainerItemProxy;
			containerPortal = 22740AB42315D9A8001BA685 /* Project object */;
			proxyType = 1;
			remoteGlobalIDString = 22740ABB2315D9A8001BA685;
			remoteInfo = QuizChallenge;
		};
/* End PBXContainerItemProxy section */

/* Begin PBXFileReference section */
		226AAD962316CB3300EAFF4B /* GameController.swift */ = {isa = PBXFileReference; lastKnownFileType = sourcecode.swift; path = GameController.swift; sourceTree = "<group>"; };
		22740ABC2315D9A8001BA685 /* QuizChallenge.app */ = {isa = PBXFileReference; explicitFileType = wrapper.application; includeInIndex = 0; path = QuizChallenge.app; sourceTree = BUILT_PRODUCTS_DIR; };
		22740ABF2315D9A8001BA685 /* AppDelegate.swift */ = {isa = PBXFileReference; lastKnownFileType = sourcecode.swift; path = AppDelegate.swift; sourceTree = "<group>"; };
		22740AC62315D9A9001BA685 /* Assets.xcassets */ = {isa = PBXFileReference; lastKnownFileType = folder.assetcatalog; path = Assets.xcassets; sourceTree = "<group>"; };
		22740AC92315D9A9001BA685 /* Base */ = {isa = PBXFileReference; lastKnownFileType = file.storyboard; name = Base; path = Base.lproj/LaunchScreen.storyboard; sourceTree = "<group>"; };
		22740ACB2315D9A9001BA685 /* Info.plist */ = {isa = PBXFileReference; lastKnownFileType = text.plist.xml; path = Info.plist; sourceTree = "<group>"; };
		22740AD02315D9A9001BA685 /* QuizChallengeTests.xctest */ = {isa = PBXFileReference; explicitFileType = wrapper.cfbundle; includeInIndex = 0; path = QuizChallengeTests.xctest; sourceTree = BUILT_PRODUCTS_DIR; };
		22740AD62315D9A9001BA685 /* Info.plist */ = {isa = PBXFileReference; lastKnownFileType = text.plist.xml; path = Info.plist; sourceTree = "<group>"; };
		22740AEF2315E1EB001BA685 /* UIView+Anchors.swift */ = {isa = PBXFileReference; lastKnownFileType = sourcecode.swift; path = "UIView+Anchors.swift"; sourceTree = "<group>"; };
		22740AF12315E21A001BA685 /* CodeView.swift */ = {isa = PBXFileReference; lastKnownFileType = sourcecode.swift; path = CodeView.swift; sourceTree = "<group>"; };
		22740AF62315E2C5001BA685 /* LoadingView.swift */ = {isa = PBXFileReference; lastKnownFileType = sourcecode.swift; path = LoadingView.swift; sourceTree = "<group>"; };
		22740AF92315E6D9001BA685 /* QuizChallengeTests-Bridging-Header.h */ = {isa = PBXFileReference; lastKnownFileType = sourcecode.c.h; path = "QuizChallengeTests-Bridging-Header.h"; sourceTree = "<group>"; };
		22740B012315F168001BA685 /* QuizViewController.swift */ = {isa = PBXFileReference; lastKnownFileType = sourcecode.swift; path = QuizViewController.swift; sourceTree = "<group>"; };
		22740B042315F2DB001BA685 /* QuizView.swift */ = {isa = PBXFileReference; lastKnownFileType = sourcecode.swift; path = QuizView.swift; sourceTree = "<group>"; };
		22740B082315F7D4001BA685 /* UIViewController+Loading.swift */ = {isa = PBXFileReference; lastKnownFileType = sourcecode.swift; path = "UIViewController+Loading.swift"; sourceTree = "<group>"; };
		22740B0A2315FDDB001BA685 /* QuizBottomView.swift */ = {isa = PBXFileReference; lastKnownFileType = sourcecode.swift; path = QuizBottomView.swift; sourceTree = "<group>"; };
		22740B0C2316057E001BA685 /* QuizTableViewDataSource.swift */ = {isa = PBXFileReference; lastKnownFileType = sourcecode.swift; path = QuizTableViewDataSource.swift; sourceTree = "<group>"; };
		22740B122316096F001BA685 /* QuizPresenter.swift */ = {isa = PBXFileReference; lastKnownFileType = sourcecode.swift; path = QuizPresenter.swift; sourceTree = "<group>"; };
		22740B15231617B4001BA685 /* Reusable.swift */ = {isa = PBXFileReference; fileEncoding = 4; lastKnownFileType = sourcecode.swift; path = Reusable.swift; sourceTree = "<group>"; };
		22740B18231617CC001BA685 /* KeywordCell.swift */ = {isa = PBXFileReference; lastKnownFileType = sourcecode.swift; path = KeywordCell.swift; sourceTree = "<group>"; };
		22740B1B2316185F001BA685 /* Keywords.swift */ = {isa = PBXFileReference; lastKnownFileType = sourcecode.swift; path = Keywords.swift; sourceTree = "<group>"; };
		22740B2023161C55001BA685 /* APIClient.swift */ = {isa = PBXFileReference; lastKnownFileType = sourcecode.swift; path = APIClient.swift; sourceTree = "<group>"; };
		22740B2323161C97001BA685 /* Endpoint.swift */ = {isa = PBXFileReference; lastKnownFileType = sourcecode.swift; path = Endpoint.swift; sourceTree = "<group>"; };
		22740B2523161CC8001BA685 /* KeywordsEndpoint.swift */ = {isa = PBXFileReference; lastKnownFileType = sourcecode.swift; path = KeywordsEndpoint.swift; sourceTree = "<group>"; };
		22740B2823161DAF001BA685 /* KeywordsService.swift */ = {isa = PBXFileReference; lastKnownFileType = sourcecode.swift; path = KeywordsService.swift; sourceTree = "<group>"; };
		22C01B7B231752FF009D9814 /* Constants.swift */ = {isa = PBXFileReference; lastKnownFileType = sourcecode.swift; path = Constants.swift; sourceTree = "<group>"; };
		22C01B8023175A7A009D9814 /* QuizViewControllerSpec.swift */ = {isa = PBXFileReference; lastKnownFileType = sourcecode.swift; path = QuizViewControllerSpec.swift; sourceTree = "<group>"; };
		22C01B8323175B71009D9814 /* QuizPresenterMock.swift */ = {isa = PBXFileReference; lastKnownFileType = sourcecode.swift; path = QuizPresenterMock.swift; sourceTree = "<group>"; };
		22C01B8523175DC7009D9814 /* QuizViewMock.swift */ = {isa = PBXFileReference; lastKnownFileType = sourcecode.swift; path = QuizViewMock.swift; sourceTree = "<group>"; };
		22C01B88231765A0009D9814 /* QuizPresenterSpec.swift */ = {isa = PBXFileReference; lastKnownFileType = sourcecode.swift; path = QuizPresenterSpec.swift; sourceTree = "<group>"; };
		22C01B8B231765EE009D9814 /* QuizViewDelegateMock.swift */ = {isa = PBXFileReference; lastKnownFileType = sourcecode.swift; path = QuizViewDelegateMock.swift; sourceTree = "<group>"; };
		22C01B8D23176610009D9814 /* KeywordsServiceMock.swift */ = {isa = PBXFileReference; lastKnownFileType = sourcecode.swift; path = KeywordsServiceMock.swift; sourceTree = "<group>"; };
		22C01B8F23176B74009D9814 /* GameControllerMock.swift */ = {isa = PBXFileReference; lastKnownFileType = sourcecode.swift; path = GameControllerMock.swift; sourceTree = "<group>"; };
		22C01B9323176E10009D9814 /* QuizViewControllerSpec.swift */ = {isa = PBXFileReference; lastKnownFileType = sourcecode.swift; path = QuizViewControllerSpec.swift; sourceTree = "<group>"; };
		22C01BB823177402009D9814 /* QuizChallengeKIFTests.xctest */ = {isa = PBXFileReference; explicitFileType = wrapper.cfbundle; includeInIndex = 0; path = QuizChallengeKIFTests.xctest; sourceTree = BUILT_PRODUCTS_DIR; };
		22C01BBC23177402009D9814 /* Info.plist */ = {isa = PBXFileReference; lastKnownFileType = text.plist.xml; path = Info.plist; sourceTree = "<group>"; };
		22C01BC4231785C3009D9814 /* ReferenceImages */ = {isa = PBXFileReference; lastKnownFileType = folder; path = ReferenceImages; sourceTree = "<group>"; };
		22C01BC723178604009D9814 /* KeywordsEndpointSpec.swift */ = {isa = PBXFileReference; lastKnownFileType = sourcecode.swift; path = KeywordsEndpointSpec.swift; sourceTree = "<group>"; };
		22C01BC92317F3DF009D9814 /* KeywordsService.swift */ = {isa = PBXFileReference; lastKnownFileType = sourcecode.swift; path = KeywordsService.swift; sourceTree = "<group>"; };
		22C01BCC2317F41D009D9814 /* APIClientMock.swift */ = {isa = PBXFileReference; lastKnownFileType = sourcecode.swift; path = APIClientMock.swift; sourceTree = "<group>"; };
		26EDFA0C97109F1777258907 /* Pods_QuizChallenge_QuizChallengeTests.framework */ = {isa = PBXFileReference; explicitFileType = wrapper.framework; includeInIndex = 0; path = Pods_QuizChallenge_QuizChallengeTests.framework; sourceTree = BUILT_PRODUCTS_DIR; };
		293B98382B9182D988908A89 /* Pods-QuizChallenge-QuizChallengeTests.release.xcconfig */ = {isa = PBXFileReference; includeInIndex = 1; lastKnownFileType = text.xcconfig; name = "Pods-QuizChallenge-QuizChallengeTests.release.xcconfig"; path = "Target Support Files/Pods-QuizChallenge-QuizChallengeTests/Pods-QuizChallenge-QuizChallengeTests.release.xcconfig"; sourceTree = "<group>"; };
		4185ED270DDCE793D9D4A7DF /* Pods-QuizChallenge-QuizChallengeTests-QuizChallengeKIFTests.release.xcconfig */ = {isa = PBXFileReference; includeInIndex = 1; lastKnownFileType = text.xcconfig; name = "Pods-QuizChallenge-QuizChallengeTests-QuizChallengeKIFTests.release.xcconfig"; path = "Target Support Files/Pods-QuizChallenge-QuizChallengeTests-QuizChallengeKIFTests/Pods-QuizChallenge-QuizChallengeTests-QuizChallengeKIFTests.release.xcconfig"; sourceTree = "<group>"; };
		4CC7951B507F243C024C6FA9 /* Pods_QuizChallenge.framework */ = {isa = PBXFileReference; explicitFileType = wrapper.framework; includeInIndex = 0; path = Pods_QuizChallenge.framework; sourceTree = BUILT_PRODUCTS_DIR; };
		6A5D0941F134626ECDBC5C1E /* Pods-QuizChallenge.debug.xcconfig */ = {isa = PBXFileReference; includeInIndex = 1; lastKnownFileType = text.xcconfig; name = "Pods-QuizChallenge.debug.xcconfig"; path = "Target Support Files/Pods-QuizChallenge/Pods-QuizChallenge.debug.xcconfig"; sourceTree = "<group>"; };
		79FD50E6286B937FB049B7C7 /* Pods-QuizChallenge.release.xcconfig */ = {isa = PBXFileReference; includeInIndex = 1; lastKnownFileType = text.xcconfig; name = "Pods-QuizChallenge.release.xcconfig"; path = "Target Support Files/Pods-QuizChallenge/Pods-QuizChallenge.release.xcconfig"; sourceTree = "<group>"; };
		DD52EE9E6A530BDDD33671FF /* Pods_QuizChallenge_QuizChallengeTests_QuizChallengeKIFTests.framework */ = {isa = PBXFileReference; explicitFileType = wrapper.framework; includeInIndex = 0; path = Pods_QuizChallenge_QuizChallengeTests_QuizChallengeKIFTests.framework; sourceTree = BUILT_PRODUCTS_DIR; };
		E2E2AD7AB14A3E0016E01026 /* Pods-QuizChallenge-QuizChallengeTests-QuizChallengeKIFTests.debug.xcconfig */ = {isa = PBXFileReference; includeInIndex = 1; lastKnownFileType = text.xcconfig; name = "Pods-QuizChallenge-QuizChallengeTests-QuizChallengeKIFTests.debug.xcconfig"; path = "Target Support Files/Pods-QuizChallenge-QuizChallengeTests-QuizChallengeKIFTests/Pods-QuizChallenge-QuizChallengeTests-QuizChallengeKIFTests.debug.xcconfig"; sourceTree = "<group>"; };
		EFBD249AE6D8F5FF6F387AF7 /* Pods-QuizChallenge-QuizChallengeTests.debug.xcconfig */ = {isa = PBXFileReference; includeInIndex = 1; lastKnownFileType = text.xcconfig; name = "Pods-QuizChallenge-QuizChallengeTests.debug.xcconfig"; path = "Target Support Files/Pods-QuizChallenge-QuizChallengeTests/Pods-QuizChallenge-QuizChallengeTests.debug.xcconfig"; sourceTree = "<group>"; };
/* End PBXFileReference section */

/* Begin PBXFrameworksBuildPhase section */
		22740AB92315D9A8001BA685 /* Frameworks */ = {
			isa = PBXFrameworksBuildPhase;
			buildActionMask = 2147483647;
			files = (
				94FB374ED15013AAF1E13447 /* Pods_QuizChallenge.framework in Frameworks */,
			);
			runOnlyForDeploymentPostprocessing = 0;
		};
		22740ACD2315D9A9001BA685 /* Frameworks */ = {
			isa = PBXFrameworksBuildPhase;
			buildActionMask = 2147483647;
			files = (
				6C9EEC35FC3D58C5CA280B6C /* Pods_QuizChallenge_QuizChallengeTests.framework in Frameworks */,
			);
			runOnlyForDeploymentPostprocessing = 0;
		};
		22C01BB523177402009D9814 /* Frameworks */ = {
			isa = PBXFrameworksBuildPhase;
			buildActionMask = 2147483647;
			files = (
				E96D968B62E2F8B6AD90DE00 /* Pods_QuizChallenge_QuizChallengeTests_QuizChallengeKIFTests.framework in Frameworks */,
			);
			runOnlyForDeploymentPostprocessing = 0;
		};
/* End PBXFrameworksBuildPhase section */

/* Begin PBXGroup section */
		22740AB32315D9A8001BA685 = {
			isa = PBXGroup;
			children = (
				22740ABE2315D9A8001BA685 /* QuizChallenge */,
				22740AD32315D9A9001BA685 /* QuizChallengeTests */,
				22C01BB923177402009D9814 /* QuizChallengeKIFTests */,
				22740ABD2315D9A8001BA685 /* Products */,
				A5FFEFB03E4C262C6D689967 /* Pods */,
				BF843F053774FDA183B39F2A /* Frameworks */,
			);
			sourceTree = "<group>";
		};
		22740ABD2315D9A8001BA685 /* Products */ = {
			isa = PBXGroup;
			children = (
				22740ABC2315D9A8001BA685 /* QuizChallenge.app */,
				22740AD02315D9A9001BA685 /* QuizChallengeTests.xctest */,
				22C01BB823177402009D9814 /* QuizChallengeKIFTests.xctest */,
			);
			name = Products;
			sourceTree = "<group>";
		};
		22740ABE2315D9A8001BA685 /* QuizChallenge */ = {
			isa = PBXGroup;
			children = (
				22C01B7A231752F5009D9814 /* Constants */,
				22740B1D23161BEA001BA685 /* Networking */,
				22740B1A23161849001BA685 /* Models */,
				22740B14231617AC001BA685 /* Util */,
				22740AED2315DA0F001BA685 /* Application */,
				22740AF42315E27C001BA685 /* Features */,
				22740AEE2315E1DC001BA685 /* UIComponents */,
			);
			path = QuizChallenge;
			sourceTree = "<group>";
		};
		22740AD32315D9A9001BA685 /* QuizChallengeTests */ = {
			isa = PBXGroup;
			children = (
				22C01BC6231785F6009D9814 /* Networking */,
				22C01B7D23175A57009D9814 /* Feature */,
				22740AF92315E6D9001BA685 /* QuizChallengeTests-Bridging-Header.h */,
				22740AD62315D9A9001BA685 /* Info.plist */,
			);
			path = QuizChallengeTests;
			sourceTree = "<group>";
		};
		22740AED2315DA0F001BA685 /* Application */ = {
			isa = PBXGroup;
			children = (
				22740ABF2315D9A8001BA685 /* AppDelegate.swift */,
				22740AC62315D9A9001BA685 /* Assets.xcassets */,
				22740AC82315D9A9001BA685 /* LaunchScreen.storyboard */,
				22740ACB2315D9A9001BA685 /* Info.plist */,
			);
			path = Application;
			sourceTree = "<group>";
		};
		22740AEE2315E1DC001BA685 /* UIComponents */ = {
			isa = PBXGroup;
			children = (
				22740AF12315E21A001BA685 /* CodeView.swift */,
				22740AF62315E2C5001BA685 /* LoadingView.swift */,
				22740B082315F7D4001BA685 /* UIViewController+Loading.swift */,
			);
			path = UIComponents;
			sourceTree = "<group>";
		};
		22740AF42315E27C001BA685 /* Features */ = {
			isa = PBXGroup;
			children = (
				22740AFE2315EE48001BA685 /* Quiz */,
			);
			path = Features;
			sourceTree = "<group>";
		};
		22740AFE2315EE48001BA685 /* Quiz */ = {
			isa = PBXGroup;
			children = (
				22740B17231617BE001BA685 /* Cells */,
				22740B1123160965001BA685 /* Presenter */,
				22740B032315F2CC001BA685 /* Views */,
				22740B012315F168001BA685 /* QuizViewController.swift */,
				22740B0C2316057E001BA685 /* QuizTableViewDataSource.swift */,
				226AAD962316CB3300EAFF4B /* GameController.swift */,
			);
			path = Quiz;
			sourceTree = "<group>";
		};
		22740B032315F2CC001BA685 /* Views */ = {
			isa = PBXGroup;
			children = (
				22740B042315F2DB001BA685 /* QuizView.swift */,
				22740B0A2315FDDB001BA685 /* QuizBottomView.swift */,
			);
			path = Views;
			sourceTree = "<group>";
		};
		22740B1123160965001BA685 /* Presenter */ = {
			isa = PBXGroup;
			children = (
				22740B122316096F001BA685 /* QuizPresenter.swift */,
			);
			path = Presenter;
			sourceTree = "<group>";
		};
		22740B14231617AC001BA685 /* Util */ = {
			isa = PBXGroup;
			children = (
				22740AEF2315E1EB001BA685 /* UIView+Anchors.swift */,
				22740B15231617B4001BA685 /* Reusable.swift */,
			);
			path = Util;
			sourceTree = "<group>";
		};
		22740B17231617BE001BA685 /* Cells */ = {
			isa = PBXGroup;
			children = (
				22740B18231617CC001BA685 /* KeywordCell.swift */,
			);
			path = Cells;
			sourceTree = "<group>";
		};
		22740B1A23161849001BA685 /* Models */ = {
			isa = PBXGroup;
			children = (
				22740B1B2316185F001BA685 /* Keywords.swift */,
			);
			path = Models;
			sourceTree = "<group>";
		};
		22740B1D23161BEA001BA685 /* Networking */ = {
			isa = PBXGroup;
			children = (
				22740B2723161DA2001BA685 /* Services */,
				22740B2223161C8B001BA685 /* Endpoints */,
				22740B2023161C55001BA685 /* APIClient.swift */,
			);
			path = Networking;
			sourceTree = "<group>";
		};
		22740B2223161C8B001BA685 /* Endpoints */ = {
			isa = PBXGroup;
			children = (
				22740B2323161C97001BA685 /* Endpoint.swift */,
				22740B2523161CC8001BA685 /* KeywordsEndpoint.swift */,
			);
			path = Endpoints;
			sourceTree = "<group>";
		};
		22740B2723161DA2001BA685 /* Services */ = {
			isa = PBXGroup;
			children = (
				22740B2823161DAF001BA685 /* KeywordsService.swift */,
			);
			path = Services;
			sourceTree = "<group>";
		};
		22C01B7A231752F5009D9814 /* Constants */ = {
			isa = PBXGroup;
			children = (
				22C01B7B231752FF009D9814 /* Constants.swift */,
			);
			path = Constants;
			sourceTree = "<group>";
		};
		22C01B7D23175A57009D9814 /* Feature */ = {
			isa = PBXGroup;
			children = (
				22C01B7E23175A5E009D9814 /* Quiz */,
			);
			path = Feature;
			sourceTree = "<group>";
		};
		22C01B7E23175A5E009D9814 /* Quiz */ = {
			isa = PBXGroup;
			children = (
				22C01B8723176590009D9814 /* Presenter */,
				22C01B8223175B47009D9814 /* Mock */,
				22C01B8023175A7A009D9814 /* QuizViewControllerSpec.swift */,
			);
			path = Quiz;
			sourceTree = "<group>";
		};
		22C01B8223175B47009D9814 /* Mock */ = {
			isa = PBXGroup;
			children = (
				22C01B8323175B71009D9814 /* QuizPresenterMock.swift */,
				22C01B8523175DC7009D9814 /* QuizViewMock.swift */,
			);
			path = Mock;
			sourceTree = "<group>";
		};
		22C01B8723176590009D9814 /* Presenter */ = {
			isa = PBXGroup;
			children = (
				22C01B8A231765E3009D9814 /* Mock */,
				22C01B88231765A0009D9814 /* QuizPresenterSpec.swift */,
			);
			path = Presenter;
			sourceTree = "<group>";
		};
		22C01B8A231765E3009D9814 /* Mock */ = {
			isa = PBXGroup;
			children = (
				22C01B8B231765EE009D9814 /* QuizViewDelegateMock.swift */,
				22C01B8D23176610009D9814 /* KeywordsServiceMock.swift */,
				22C01B8F23176B74009D9814 /* GameControllerMock.swift */,
			);
			path = Mock;
			sourceTree = "<group>";
		};
		22C01BB923177402009D9814 /* QuizChallengeKIFTests */ = {
			isa = PBXGroup;
			children = (
				22C01BC4231785C3009D9814 /* ReferenceImages */,
				22C01B9323176E10009D9814 /* QuizViewControllerSpec.swift */,
				22C01BBC23177402009D9814 /* Info.plist */,
			);
			path = QuizChallengeKIFTests;
			sourceTree = "<group>";
		};
		22C01BC6231785F6009D9814 /* Networking */ = {
			isa = PBXGroup;
			children = (
				22C01BCB2317F410009D9814 /* Mocks */,
				22C01BC723178604009D9814 /* KeywordsEndpointSpec.swift */,
				22C01BC92317F3DF009D9814 /* KeywordsService.swift */,
			);
			path = Networking;
			sourceTree = "<group>";
		};
		22C01BCB2317F410009D9814 /* Mocks */ = {
			isa = PBXGroup;
			children = (
				22C01BCC2317F41D009D9814 /* APIClientMock.swift */,
			);
			path = Mocks;
			sourceTree = "<group>";
		};
		A5FFEFB03E4C262C6D689967 /* Pods */ = {
			isa = PBXGroup;
			children = (
				6A5D0941F134626ECDBC5C1E /* Pods-QuizChallenge.debug.xcconfig */,
				79FD50E6286B937FB049B7C7 /* Pods-QuizChallenge.release.xcconfig */,
				EFBD249AE6D8F5FF6F387AF7 /* Pods-QuizChallenge-QuizChallengeTests.debug.xcconfig */,
				293B98382B9182D988908A89 /* Pods-QuizChallenge-QuizChallengeTests.release.xcconfig */,
				E2E2AD7AB14A3E0016E01026 /* Pods-QuizChallenge-QuizChallengeTests-QuizChallengeKIFTests.debug.xcconfig */,
				4185ED270DDCE793D9D4A7DF /* Pods-QuizChallenge-QuizChallengeTests-QuizChallengeKIFTests.release.xcconfig */,
			);
			path = Pods;
			sourceTree = "<group>";
		};
		BF843F053774FDA183B39F2A /* Frameworks */ = {
			isa = PBXGroup;
			children = (
				4CC7951B507F243C024C6FA9 /* Pods_QuizChallenge.framework */,
				26EDFA0C97109F1777258907 /* Pods_QuizChallenge_QuizChallengeTests.framework */,
				DD52EE9E6A530BDDD33671FF /* Pods_QuizChallenge_QuizChallengeTests_QuizChallengeKIFTests.framework */,
			);
			name = Frameworks;
			sourceTree = "<group>";
		};
/* End PBXGroup section */

/* Begin PBXNativeTarget section */
		22740ABB2315D9A8001BA685 /* QuizChallenge */ = {
			isa = PBXNativeTarget;
			buildConfigurationList = 22740AE42315D9A9001BA685 /* Build configuration list for PBXNativeTarget "QuizChallenge" */;
			buildPhases = (
				9404D309671B8456C0372A54 /* [CP] Check Pods Manifest.lock */,
				22740AB82315D9A8001BA685 /* Sources */,
				22740AB92315D9A8001BA685 /* Frameworks */,
				22740ABA2315D9A8001BA685 /* Resources */,
			);
			buildRules = (
			);
			dependencies = (
			);
			name = QuizChallenge;
			productName = QuizChallenge;
			productReference = 22740ABC2315D9A8001BA685 /* QuizChallenge.app */;
			productType = "com.apple.product-type.application";
		};
		22740ACF2315D9A9001BA685 /* QuizChallengeTests */ = {
			isa = PBXNativeTarget;
			buildConfigurationList = 22740AE72315D9A9001BA685 /* Build configuration list for PBXNativeTarget "QuizChallengeTests" */;
			buildPhases = (
				8C17D0BD02127219AF12D2FE /* [CP] Check Pods Manifest.lock */,
				22740ACC2315D9A9001BA685 /* Sources */,
				22740ACD2315D9A9001BA685 /* Frameworks */,
				22740ACE2315D9A9001BA685 /* Resources */,
				B997E3E7C86FF5E3CC0B592A /* [CP] Embed Pods Frameworks */,
			);
			buildRules = (
			);
			dependencies = (
				22740AD22315D9A9001BA685 /* PBXTargetDependency */,
			);
			name = QuizChallengeTests;
			productName = QuizChallengeTests;
			productReference = 22740AD02315D9A9001BA685 /* QuizChallengeTests.xctest */;
			productType = "com.apple.product-type.bundle.unit-test";
		};
		22C01BB723177402009D9814 /* QuizChallengeKIFTests */ = {
			isa = PBXNativeTarget;
			buildConfigurationList = 22C01BBF23177402009D9814 /* Build configuration list for PBXNativeTarget "QuizChallengeKIFTests" */;
			buildPhases = (
				D2872AA760EDE8378F984226 /* [CP] Check Pods Manifest.lock */,
				22C01BB423177402009D9814 /* Sources */,
				22C01BB523177402009D9814 /* Frameworks */,
				22C01BB623177402009D9814 /* Resources */,
				839914219AE79C0CA34B91AA /* [CP] Embed Pods Frameworks */,
			);
			buildRules = (
			);
			dependencies = (
				22C01BBE23177402009D9814 /* PBXTargetDependency */,
			);
			name = QuizChallengeKIFTests;
			productName = QuizChallengeKIFTests;
			productReference = 22C01BB823177402009D9814 /* QuizChallengeKIFTests.xctest */;
			productType = "com.apple.product-type.bundle.unit-test";
		};
/* End PBXNativeTarget section */

/* Begin PBXProject section */
		22740AB42315D9A8001BA685 /* Project object */ = {
			isa = PBXProject;
			attributes = {
				LastSwiftUpdateCheck = 1020;
				LastUpgradeCheck = 1020;
				TargetAttributes = {
					22740ABB2315D9A8001BA685 = {
						CreatedOnToolsVersion = 10.2.1;
					};
					22740ACF2315D9A9001BA685 = {
						CreatedOnToolsVersion = 10.2.1;
						LastSwiftMigration = 1020;
						TestTargetID = 22740ABB2315D9A8001BA685;
					};
					22C01BB723177402009D9814 = {
						CreatedOnToolsVersion = 10.2.1;
						TestTargetID = 22740ABB2315D9A8001BA685;
					};
				};
			};
			buildConfigurationList = 22740AB72315D9A8001BA685 /* Build configuration list for PBXProject "QuizChallenge" */;
			compatibilityVersion = "Xcode 9.3";
			developmentRegion = en;
			hasScannedForEncodings = 0;
			knownRegions = (
				en,
				Base,
			);
			mainGroup = 22740AB32315D9A8001BA685;
			productRefGroup = 22740ABD2315D9A8001BA685 /* Products */;
			projectDirPath = "";
			projectRoot = "";
			targets = (
				22740ABB2315D9A8001BA685 /* QuizChallenge */,
				22740ACF2315D9A9001BA685 /* QuizChallengeTests */,
				22C01BB723177402009D9814 /* QuizChallengeKIFTests */,
			);
		};
/* End PBXProject section */

/* Begin PBXResourcesBuildPhase section */
		22740ABA2315D9A8001BA685 /* Resources */ = {
			isa = PBXResourcesBuildPhase;
			buildActionMask = 2147483647;
			files = (
				22740ACA2315D9A9001BA685 /* LaunchScreen.storyboard in Resources */,
				22740AC72315D9A9001BA685 /* Assets.xcassets in Resources */,
			);
			runOnlyForDeploymentPostprocessing = 0;
		};
		22740ACE2315D9A9001BA685 /* Resources */ = {
			isa = PBXResourcesBuildPhase;
			buildActionMask = 2147483647;
			files = (
			);
			runOnlyForDeploymentPostprocessing = 0;
		};
		22C01BB623177402009D9814 /* Resources */ = {
			isa = PBXResourcesBuildPhase;
			buildActionMask = 2147483647;
			files = (
				22C01BC5231785C3009D9814 /* ReferenceImages in Resources */,
			);
			runOnlyForDeploymentPostprocessing = 0;
		};
/* End PBXResourcesBuildPhase section */

/* Begin PBXShellScriptBuildPhase section */
		839914219AE79C0CA34B91AA /* [CP] Embed Pods Frameworks */ = {
			isa = PBXShellScriptBuildPhase;
			buildActionMask = 2147483647;
			files = (
			);
			inputFileListPaths = (
				"${PODS_ROOT}/Target Support Files/Pods-QuizChallenge-QuizChallengeTests-QuizChallengeKIFTests/Pods-QuizChallenge-QuizChallengeTests-QuizChallengeKIFTests-frameworks-${CONFIGURATION}-input-files.xcfilelist",
			);
			name = "[CP] Embed Pods Frameworks";
			outputFileListPaths = (
				"${PODS_ROOT}/Target Support Files/Pods-QuizChallenge-QuizChallengeTests-QuizChallengeKIFTests/Pods-QuizChallenge-QuizChallengeTests-QuizChallengeKIFTests-frameworks-${CONFIGURATION}-output-files.xcfilelist",
			);
			runOnlyForDeploymentPostprocessing = 0;
			shellPath = /bin/sh;
			shellScript = "\"${PODS_ROOT}/Target Support Files/Pods-QuizChallenge-QuizChallengeTests-QuizChallengeKIFTests/Pods-QuizChallenge-QuizChallengeTests-QuizChallengeKIFTests-frameworks.sh\"\n";
			showEnvVarsInLog = 0;
		};
		8C17D0BD02127219AF12D2FE /* [CP] Check Pods Manifest.lock */ = {
			isa = PBXShellScriptBuildPhase;
			buildActionMask = 2147483647;
			files = (
			);
			inputFileListPaths = (
			);
			inputPaths = (
				"${PODS_PODFILE_DIR_PATH}/Podfile.lock",
				"${PODS_ROOT}/Manifest.lock",
			);
			name = "[CP] Check Pods Manifest.lock";
			outputFileListPaths = (
			);
			outputPaths = (
				"$(DERIVED_FILE_DIR)/Pods-QuizChallenge-QuizChallengeTests-checkManifestLockResult.txt",
			);
			runOnlyForDeploymentPostprocessing = 0;
			shellPath = /bin/sh;
			shellScript = "diff \"${PODS_PODFILE_DIR_PATH}/Podfile.lock\" \"${PODS_ROOT}/Manifest.lock\" > /dev/null\nif [ $? != 0 ] ; then\n    # print error to STDERR\n    echo \"error: The sandbox is not in sync with the Podfile.lock. Run 'pod install' or update your CocoaPods installation.\" >&2\n    exit 1\nfi\n# This output is used by Xcode 'outputs' to avoid re-running this script phase.\necho \"SUCCESS\" > \"${SCRIPT_OUTPUT_FILE_0}\"\n";
			showEnvVarsInLog = 0;
		};
		9404D309671B8456C0372A54 /* [CP] Check Pods Manifest.lock */ = {
			isa = PBXShellScriptBuildPhase;
			buildActionMask = 2147483647;
			files = (
			);
			inputFileListPaths = (
			);
			inputPaths = (
				"${PODS_PODFILE_DIR_PATH}/Podfile.lock",
				"${PODS_ROOT}/Manifest.lock",
			);
			name = "[CP] Check Pods Manifest.lock";
			outputFileListPaths = (
			);
			outputPaths = (
				"$(DERIVED_FILE_DIR)/Pods-QuizChallenge-checkManifestLockResult.txt",
			);
			runOnlyForDeploymentPostprocessing = 0;
			shellPath = /bin/sh;
			shellScript = "diff \"${PODS_PODFILE_DIR_PATH}/Podfile.lock\" \"${PODS_ROOT}/Manifest.lock\" > /dev/null\nif [ $? != 0 ] ; then\n    # print error to STDERR\n    echo \"error: The sandbox is not in sync with the Podfile.lock. Run 'pod install' or update your CocoaPods installation.\" >&2\n    exit 1\nfi\n# This output is used by Xcode 'outputs' to avoid re-running this script phase.\necho \"SUCCESS\" > \"${SCRIPT_OUTPUT_FILE_0}\"\n";
			showEnvVarsInLog = 0;
		};
		B997E3E7C86FF5E3CC0B592A /* [CP] Embed Pods Frameworks */ = {
			isa = PBXShellScriptBuildPhase;
			buildActionMask = 2147483647;
			files = (
			);
			inputFileListPaths = (
				"${PODS_ROOT}/Target Support Files/Pods-QuizChallenge-QuizChallengeTests/Pods-QuizChallenge-QuizChallengeTests-frameworks-${CONFIGURATION}-input-files.xcfilelist",
			);
			name = "[CP] Embed Pods Frameworks";
			outputFileListPaths = (
				"${PODS_ROOT}/Target Support Files/Pods-QuizChallenge-QuizChallengeTests/Pods-QuizChallenge-QuizChallengeTests-frameworks-${CONFIGURATION}-output-files.xcfilelist",
			);
			runOnlyForDeploymentPostprocessing = 0;
			shellPath = /bin/sh;
			shellScript = "\"${PODS_ROOT}/Target Support Files/Pods-QuizChallenge-QuizChallengeTests/Pods-QuizChallenge-QuizChallengeTests-frameworks.sh\"\n";
			showEnvVarsInLog = 0;
		};
		D2872AA760EDE8378F984226 /* [CP] Check Pods Manifest.lock */ = {
			isa = PBXShellScriptBuildPhase;
			buildActionMask = 2147483647;
			files = (
			);
			inputFileListPaths = (
			);
			inputPaths = (
				"${PODS_PODFILE_DIR_PATH}/Podfile.lock",
				"${PODS_ROOT}/Manifest.lock",
			);
			name = "[CP] Check Pods Manifest.lock";
			outputFileListPaths = (
			);
			outputPaths = (
				"$(DERIVED_FILE_DIR)/Pods-QuizChallenge-QuizChallengeTests-QuizChallengeKIFTests-checkManifestLockResult.txt",
			);
			runOnlyForDeploymentPostprocessing = 0;
			shellPath = /bin/sh;
			shellScript = "diff \"${PODS_PODFILE_DIR_PATH}/Podfile.lock\" \"${PODS_ROOT}/Manifest.lock\" > /dev/null\nif [ $? != 0 ] ; then\n    # print error to STDERR\n    echo \"error: The sandbox is not in sync with the Podfile.lock. Run 'pod install' or update your CocoaPods installation.\" >&2\n    exit 1\nfi\n# This output is used by Xcode 'outputs' to avoid re-running this script phase.\necho \"SUCCESS\" > \"${SCRIPT_OUTPUT_FILE_0}\"\n";
			showEnvVarsInLog = 0;
		};
/* End PBXShellScriptBuildPhase section */

/* Begin PBXSourcesBuildPhase section */
		22740AB82315D9A8001BA685 /* Sources */ = {
			isa = PBXSourcesBuildPhase;
			buildActionMask = 2147483647;
			files = (
				22740B2123161C55001BA685 /* APIClient.swift in Sources */,
				22C01B7C231752FF009D9814 /* Constants.swift in Sources */,
				22740B0B2315FDDB001BA685 /* QuizBottomView.swift in Sources */,
				22740B19231617CC001BA685 /* KeywordCell.swift in Sources */,
				22740B1C2316185F001BA685 /* Keywords.swift in Sources */,
				22740B16231617B4001BA685 /* Reusable.swift in Sources */,
				22740B0D2316057E001BA685 /* QuizTableViewDataSource.swift in Sources */,
				22740AF22315E21A001BA685 /* CodeView.swift in Sources */,
				22740B022315F168001BA685 /* QuizViewController.swift in Sources */,
				22740B132316096F001BA685 /* QuizPresenter.swift in Sources */,
				22740B2623161CC8001BA685 /* KeywordsEndpoint.swift in Sources */,
				22740B2423161C97001BA685 /* Endpoint.swift in Sources */,
				22740AF72315E2C5001BA685 /* LoadingView.swift in Sources */,
				22740AC02315D9A8001BA685 /* AppDelegate.swift in Sources */,
				226AAD972316CB3300EAFF4B /* GameController.swift in Sources */,
				22740AF02315E1EB001BA685 /* UIView+Anchors.swift in Sources */,
				22740B2923161DAF001BA685 /* KeywordsService.swift in Sources */,
				22740B092315F7D4001BA685 /* UIViewController+Loading.swift in Sources */,
				22740B052315F2DB001BA685 /* QuizView.swift in Sources */,
			);
			runOnlyForDeploymentPostprocessing = 0;
		};
		22740ACC2315D9A9001BA685 /* Sources */ = {
			isa = PBXSourcesBuildPhase;
			buildActionMask = 2147483647;
			files = (
				22C01B8123175A7A009D9814 /* QuizViewControllerSpec.swift in Sources */,
				22C01BC823178604009D9814 /* KeywordsEndpointSpec.swift in Sources */,
				22C01B8E23176610009D9814 /* KeywordsServiceMock.swift in Sources */,
				22C01B8C231765EE009D9814 /* QuizViewDelegateMock.swift in Sources */,
				22C01B8423175B71009D9814 /* QuizPresenterMock.swift in Sources */,
				22C01B89231765A0009D9814 /* QuizPresenterSpec.swift in Sources */,
				22C01BCA2317F3DF009D9814 /* KeywordsService.swift in Sources */,
				22C01B8623175DC7009D9814 /* QuizViewMock.swift in Sources */,
				22C01B9023176B74009D9814 /* GameControllerMock.swift in Sources */,
				22C01BCD2317F41D009D9814 /* APIClientMock.swift in Sources */,
			);
			runOnlyForDeploymentPostprocessing = 0;
		};
		22C01BB423177402009D9814 /* Sources */ = {
			isa = PBXSourcesBuildPhase;
			buildActionMask = 2147483647;
			files = (
				22C01BC22317752A009D9814 /* QuizViewControllerSpec.swift in Sources */,
				22C01BC323177546009D9814 /* KeywordsServiceMock.swift in Sources */,
			);
			runOnlyForDeploymentPostprocessing = 0;
		};
/* End PBXSourcesBuildPhase section */

/* Begin PBXTargetDependency section */
		22740AD22315D9A9001BA685 /* PBXTargetDependency */ = {
			isa = PBXTargetDependency;
			target = 22740ABB2315D9A8001BA685 /* QuizChallenge */;
			targetProxy = 22740AD12315D9A9001BA685 /* PBXContainerItemProxy */;
		};
		22C01BBE23177402009D9814 /* PBXTargetDependency */ = {
			isa = PBXTargetDependency;
			target = 22740ABB2315D9A8001BA685 /* QuizChallenge */;
			targetProxy = 22C01BBD23177402009D9814 /* PBXContainerItemProxy */;
		};
/* End PBXTargetDependency section */

/* Begin PBXVariantGroup section */
		22740AC82315D9A9001BA685 /* LaunchScreen.storyboard */ = {
			isa = PBXVariantGroup;
			children = (
				22740AC92315D9A9001BA685 /* Base */,
			);
			name = LaunchScreen.storyboard;
			sourceTree = "<group>";
		};
/* End PBXVariantGroup section */

/* Begin XCBuildConfiguration section */
		22740AE22315D9A9001BA685 /* Debug */ = {
			isa = XCBuildConfiguration;
			buildSettings = {
				ALWAYS_EMBED_SWIFT_STANDARD_LIBRARIES = "$(inherited)";
				ALWAYS_SEARCH_USER_PATHS = NO;
				CLANG_ANALYZER_NONNULL = YES;
				CLANG_ANALYZER_NUMBER_OBJECT_CONVERSION = YES_AGGRESSIVE;
				CLANG_CXX_LANGUAGE_STANDARD = "gnu++14";
				CLANG_CXX_LIBRARY = "libc++";
				CLANG_ENABLE_MODULES = YES;
				CLANG_ENABLE_OBJC_ARC = YES;
				CLANG_ENABLE_OBJC_WEAK = YES;
				CLANG_WARN_BLOCK_CAPTURE_AUTORELEASING = YES;
				CLANG_WARN_BOOL_CONVERSION = YES;
				CLANG_WARN_COMMA = YES;
				CLANG_WARN_CONSTANT_CONVERSION = YES;
				CLANG_WARN_DEPRECATED_OBJC_IMPLEMENTATIONS = YES;
				CLANG_WARN_DIRECT_OBJC_ISA_USAGE = YES_ERROR;
				CLANG_WARN_DOCUMENTATION_COMMENTS = YES;
				CLANG_WARN_EMPTY_BODY = YES;
				CLANG_WARN_ENUM_CONVERSION = YES;
				CLANG_WARN_INFINITE_RECURSION = YES;
				CLANG_WARN_INT_CONVERSION = YES;
				CLANG_WARN_NON_LITERAL_NULL_CONVERSION = YES;
				CLANG_WARN_OBJC_IMPLICIT_RETAIN_SELF = YES;
				CLANG_WARN_OBJC_LITERAL_CONVERSION = YES;
				CLANG_WARN_OBJC_ROOT_CLASS = YES_ERROR;
				CLANG_WARN_RANGE_LOOP_ANALYSIS = YES;
				CLANG_WARN_STRICT_PROTOTYPES = YES;
				CLANG_WARN_SUSPICIOUS_MOVE = YES;
				CLANG_WARN_UNGUARDED_AVAILABILITY = YES_AGGRESSIVE;
				CLANG_WARN_UNREACHABLE_CODE = YES;
				CLANG_WARN__DUPLICATE_METHOD_MATCH = YES;
				CODE_SIGN_IDENTITY = "iPhone Developer";
				COPY_PHASE_STRIP = NO;
				DEBUG_INFORMATION_FORMAT = dwarf;
				ENABLE_STRICT_OBJC_MSGSEND = YES;
				ENABLE_TESTABILITY = YES;
				GCC_C_LANGUAGE_STANDARD = gnu11;
				GCC_DYNAMIC_NO_PIC = NO;
				GCC_NO_COMMON_BLOCKS = YES;
				GCC_OPTIMIZATION_LEVEL = 0;
				GCC_PREPROCESSOR_DEFINITIONS = (
					"DEBUG=1",
					"$(inherited)",
				);
				GCC_WARN_64_TO_32_BIT_CONVERSION = YES;
				GCC_WARN_ABOUT_RETURN_TYPE = YES_ERROR;
				GCC_WARN_UNDECLARED_SELECTOR = YES;
				GCC_WARN_UNINITIALIZED_AUTOS = YES_AGGRESSIVE;
				GCC_WARN_UNUSED_FUNCTION = YES;
				GCC_WARN_UNUSED_VARIABLE = YES;
				IPHONEOS_DEPLOYMENT_TARGET = 12.2;
				MTL_ENABLE_DEBUG_INFO = INCLUDE_SOURCE;
				MTL_FAST_MATH = YES;
				ONLY_ACTIVE_ARCH = YES;
				SDKROOT = iphoneos;
				SWIFT_ACTIVE_COMPILATION_CONDITIONS = DEBUG;
				SWIFT_OPTIMIZATION_LEVEL = "-Onone";
			};
			name = Debug;
		};
		22740AE32315D9A9001BA685 /* Release */ = {
			isa = XCBuildConfiguration;
			buildSettings = {
				ALWAYS_EMBED_SWIFT_STANDARD_LIBRARIES = "$(inherited)";
				ALWAYS_SEARCH_USER_PATHS = NO;
				CLANG_ANALYZER_NONNULL = YES;
				CLANG_ANALYZER_NUMBER_OBJECT_CONVERSION = YES_AGGRESSIVE;
				CLANG_CXX_LANGUAGE_STANDARD = "gnu++14";
				CLANG_CXX_LIBRARY = "libc++";
				CLANG_ENABLE_MODULES = YES;
				CLANG_ENABLE_OBJC_ARC = YES;
				CLANG_ENABLE_OBJC_WEAK = YES;
				CLANG_WARN_BLOCK_CAPTURE_AUTORELEASING = YES;
				CLANG_WARN_BOOL_CONVERSION = YES;
				CLANG_WARN_COMMA = YES;
				CLANG_WARN_CONSTANT_CONVERSION = YES;
				CLANG_WARN_DEPRECATED_OBJC_IMPLEMENTATIONS = YES;
				CLANG_WARN_DIRECT_OBJC_ISA_USAGE = YES_ERROR;
				CLANG_WARN_DOCUMENTATION_COMMENTS = YES;
				CLANG_WARN_EMPTY_BODY = YES;
				CLANG_WARN_ENUM_CONVERSION = YES;
				CLANG_WARN_INFINITE_RECURSION = YES;
				CLANG_WARN_INT_CONVERSION = YES;
				CLANG_WARN_NON_LITERAL_NULL_CONVERSION = YES;
				CLANG_WARN_OBJC_IMPLICIT_RETAIN_SELF = YES;
				CLANG_WARN_OBJC_LITERAL_CONVERSION = YES;
				CLANG_WARN_OBJC_ROOT_CLASS = YES_ERROR;
				CLANG_WARN_RANGE_LOOP_ANALYSIS = YES;
				CLANG_WARN_STRICT_PROTOTYPES = YES;
				CLANG_WARN_SUSPICIOUS_MOVE = YES;
				CLANG_WARN_UNGUARDED_AVAILABILITY = YES_AGGRESSIVE;
				CLANG_WARN_UNREACHABLE_CODE = YES;
				CLANG_WARN__DUPLICATE_METHOD_MATCH = YES;
				CODE_SIGN_IDENTITY = "iPhone Developer";
				COPY_PHASE_STRIP = NO;
				DEBUG_INFORMATION_FORMAT = "dwarf-with-dsym";
				ENABLE_NS_ASSERTIONS = NO;
				ENABLE_STRICT_OBJC_MSGSEND = YES;
				GCC_C_LANGUAGE_STANDARD = gnu11;
				GCC_NO_COMMON_BLOCKS = YES;
				GCC_WARN_64_TO_32_BIT_CONVERSION = YES;
				GCC_WARN_ABOUT_RETURN_TYPE = YES_ERROR;
				GCC_WARN_UNDECLARED_SELECTOR = YES;
				GCC_WARN_UNINITIALIZED_AUTOS = YES_AGGRESSIVE;
				GCC_WARN_UNUSED_FUNCTION = YES;
				GCC_WARN_UNUSED_VARIABLE = YES;
				IPHONEOS_DEPLOYMENT_TARGET = 12.2;
				MTL_ENABLE_DEBUG_INFO = NO;
				MTL_FAST_MATH = YES;
				SDKROOT = iphoneos;
				SWIFT_COMPILATION_MODE = wholemodule;
				SWIFT_OPTIMIZATION_LEVEL = "-O";
				VALIDATE_PRODUCT = YES;
			};
			name = Release;
		};
		22740AE52315D9A9001BA685 /* Debug */ = {
			isa = XCBuildConfiguration;
			baseConfigurationReference = 6A5D0941F134626ECDBC5C1E /* Pods-QuizChallenge.debug.xcconfig */;
			buildSettings = {
				ASSETCATALOG_COMPILER_APPICON_NAME = AppIcon;
				CODE_SIGN_STYLE = Automatic;
				DEVELOPMENT_TEAM = PN2F4B4428;
				INFOPLIST_FILE = QuizChallenge/Application/Info.plist;
				LD_RUNPATH_SEARCH_PATHS = (
					"$(inherited)",
					"@executable_path/Frameworks",
				);
				PRODUCT_BUNDLE_IDENTIFIER = br.com.marcelorsjr.QuizChallenge;
				PRODUCT_NAME = "$(TARGET_NAME)";
				SWIFT_VERSION = 5.0;
				TARGETED_DEVICE_FAMILY = "1,2";
			};
			name = Debug;
		};
		22740AE62315D9A9001BA685 /* Release */ = {
			isa = XCBuildConfiguration;
			baseConfigurationReference = 79FD50E6286B937FB049B7C7 /* Pods-QuizChallenge.release.xcconfig */;
			buildSettings = {
				ASSETCATALOG_COMPILER_APPICON_NAME = AppIcon;
				CODE_SIGN_STYLE = Automatic;
				DEVELOPMENT_TEAM = PN2F4B4428;
				INFOPLIST_FILE = QuizChallenge/Application/Info.plist;
				LD_RUNPATH_SEARCH_PATHS = (
					"$(inherited)",
					"@executable_path/Frameworks",
				);
				PRODUCT_BUNDLE_IDENTIFIER = br.com.marcelorsjr.QuizChallenge;
				PRODUCT_NAME = "$(TARGET_NAME)";
				SWIFT_VERSION = 5.0;
				TARGETED_DEVICE_FAMILY = "1,2";
			};
			name = Release;
		};
		22740AE82315D9A9001BA685 /* Debug */ = {
			isa = XCBuildConfiguration;
			baseConfigurationReference = EFBD249AE6D8F5FF6F387AF7 /* Pods-QuizChallenge-QuizChallengeTests.debug.xcconfig */;
			buildSettings = {
				ALWAYS_EMBED_SWIFT_STANDARD_LIBRARIES = "$(inherited)";
				BUNDLE_LOADER = "$(TEST_HOST)";
				CLANG_ENABLE_MODULES = YES;
				CODE_SIGN_STYLE = Automatic;
				DEVELOPMENT_TEAM = PN2F4B4428;
				ENABLE_BITCODE = NO;
				INFOPLIST_FILE = QuizChallengeTests/Info.plist;
				LD_RUNPATH_SEARCH_PATHS = (
					"$(inherited)",
					"@executable_path/Frameworks",
					"@loader_path/Frameworks",
				);
				PRODUCT_BUNDLE_IDENTIFIER = br.com.marcelorsjr.QuizChallengeTests;
				PRODUCT_NAME = "$(TARGET_NAME)";
				SWIFT_OBJC_BRIDGING_HEADER = "QuizChallengeTests/QuizChallengeTests-Bridging-Header.h";
				SWIFT_OPTIMIZATION_LEVEL = "-Onone";
				SWIFT_VERSION = 5.0;
				TARGETED_DEVICE_FAMILY = "1,2";
				TEST_HOST = "$(BUILT_PRODUCTS_DIR)/QuizChallenge.app/QuizChallenge";
			};
			name = Debug;
		};
		22740AE92315D9A9001BA685 /* Release */ = {
			isa = XCBuildConfiguration;
			baseConfigurationReference = 293B98382B9182D988908A89 /* Pods-QuizChallenge-QuizChallengeTests.release.xcconfig */;
			buildSettings = {
				ALWAYS_EMBED_SWIFT_STANDARD_LIBRARIES = "$(inherited)";
				BUNDLE_LOADER = "$(TEST_HOST)";
				CLANG_ENABLE_MODULES = YES;
				CODE_SIGN_STYLE = Automatic;
				DEVELOPMENT_TEAM = PN2F4B4428;
				ENABLE_BITCODE = NO;
				INFOPLIST_FILE = QuizChallengeTests/Info.plist;
				LD_RUNPATH_SEARCH_PATHS = (
					"$(inherited)",
					"@executable_path/Frameworks",
					"@loader_path/Frameworks",
				);
				PRODUCT_BUNDLE_IDENTIFIER = br.com.marcelorsjr.QuizChallengeTests;
				PRODUCT_NAME = "$(TARGET_NAME)";
				SWIFT_OBJC_BRIDGING_HEADER = "QuizChallengeTests/QuizChallengeTests-Bridging-Header.h";
				SWIFT_VERSION = 5.0;
				TARGETED_DEVICE_FAMILY = "1,2";
				TEST_HOST = "$(BUILT_PRODUCTS_DIR)/QuizChallenge.app/QuizChallenge";
			};
			name = Release;
		};
		22C01BC023177402009D9814 /* Debug */ = {
			isa = XCBuildConfiguration;
			baseConfigurationReference = E2E2AD7AB14A3E0016E01026 /* Pods-QuizChallenge-QuizChallengeTests-QuizChallengeKIFTests.debug.xcconfig */;
			buildSettings = {
				BUNDLE_LOADER = "$(TEST_HOST)";
				CODE_SIGN_STYLE = Automatic;
				DEVELOPMENT_TEAM = PN2F4B4428;
				INFOPLIST_FILE = QuizChallengeKIFTests/Info.plist;
				LD_RUNPATH_SEARCH_PATHS = (
					"$(inherited)",
					"@executable_path/Frameworks",
					"@loader_path/Frameworks",
				);
				OTHER_LDFLAGS = "$(inherited)";
				PRODUCT_BUNDLE_IDENTIFIER = br.com.marcelorsjr.QuizChallengeKIFTests;
				PRODUCT_NAME = "$(TARGET_NAME)";
				SWIFT_VERSION = 5.0;
				TARGETED_DEVICE_FAMILY = "1,2";
				TEST_HOST = "$(BUILT_PRODUCTS_DIR)/QuizChallenge.app/QuizChallenge";
			};
			name = Debug;
		};
		22C01BC123177402009D9814 /* Release */ = {
			isa = XCBuildConfiguration;
			baseConfigurationReference = 4185ED270DDCE793D9D4A7DF /* Pods-QuizChallenge-QuizChallengeTests-QuizChallengeKIFTests.release.xcconfig */;
			buildSettings = {
				BUNDLE_LOADER = "$(TEST_HOST)";
				CODE_SIGN_STYLE = Automatic;
				DEVELOPMENT_TEAM = PN2F4B4428;
				INFOPLIST_FILE = QuizChallengeKIFTests/Info.plist;
				LD_RUNPATH_SEARCH_PATHS = (
					"$(inherited)",
					"@executable_path/Frameworks",
					"@loader_path/Frameworks",
				);
				OTHER_LDFLAGS = "$(inherited)";
				PRODUCT_BUNDLE_IDENTIFIER = br.com.marcelorsjr.QuizChallengeKIFTests;
				PRODUCT_NAME = "$(TARGET_NAME)";
				SWIFT_VERSION = 5.0;
				TARGETED_DEVICE_FAMILY = "1,2";
				TEST_HOST = "$(BUILT_PRODUCTS_DIR)/QuizChallenge.app/QuizChallenge";
			};
			name = Release;
		};
/* End XCBuildConfiguration section */

/* Begin XCConfigurationList section */
		22740AB72315D9A8001BA685 /* Build configuration list for PBXProject "QuizChallenge" */ = {
			isa = XCConfigurationList;
			buildConfigurations = (
				22740AE22315D9A9001BA685 /* Debug */,
				22740AE32315D9A9001BA685 /* Release */,
			);
			defaultConfigurationIsVisible = 0;
			defaultConfigurationName = Release;
		};
		22740AE42315D9A9001BA685 /* Build configuration list for PBXNativeTarget "QuizChallenge" */ = {
			isa = XCConfigurationList;
			buildConfigurations = (
				22740AE52315D9A9001BA685 /* Debug */,
				22740AE62315D9A9001BA685 /* Release */,
			);
			defaultConfigurationIsVisible = 0;
			defaultConfigurationName = Release;
		};
		22740AE72315D9A9001BA685 /* Build configuration list for PBXNativeTarget "QuizChallengeTests" */ = {
			isa = XCConfigurationList;
			buildConfigurations = (
				22740AE82315D9A9001BA685 /* Debug */,
				22740AE92315D9A9001BA685 /* Release */,
			);
			defaultConfigurationIsVisible = 0;
			defaultConfigurationName = Release;
		};
		22C01BBF23177402009D9814 /* Build configuration list for PBXNativeTarget "QuizChallengeKIFTests" */ = {
			isa = XCConfigurationList;
			buildConfigurations = (
				22C01BC023177402009D9814 /* Debug */,
				22C01BC123177402009D9814 /* Release */,
			);
			defaultConfigurationIsVisible = 0;
			defaultConfigurationName = Release;
		};
/* End XCConfigurationList section */
	};
	rootObject = 22740AB42315D9A8001BA685 /* Project object */;
}
